
Microsoft Visual Studio Solution File, Format Version 12.00
# Visual Studio Version 17
VisualStudioVersion = 17.14.36511.14 d17.14
MinimumVisualStudioVersion = 10.0.40219.1
Project("{FAE04EC0-301F-11D3-BF4B-00C04F79EFBC}") = "S5TrabajoCampo", "S5TrabajoCampo\S5TrabajoCampo.csproj", "{338EF09B-D7F0-4E59-B46E-2B791B9125B7}"
EndProject
Global
	GlobalSection(SolutionConfigurationPlatforms) = preSolution
		Debug|Any CPU = Debug|Any CPU
		Release|Any CPU = Release|Any CPU
	EndGlobalSection
	GlobalSection(ProjectConfigurationPlatforms) = postSolution
		{338EF09B-D7F0-4E59-B46E-2B791B9125B7}.Debug|Any CPU.ActiveCfg = Debug|Any CPU
		{338EF09B-D7F0-4E59-B46E-2B791B9125B7}.Debug|Any CPU.Build.0 = Debug|Any CPU
		{338EF09B-D7F0-4E59-B46E-2B791B9125B7}.Release|Any CPU.ActiveCfg = Release|Any CPU
		{338EF09B-D7F0-4E59-B46E-2B791B9125B7}.Release|Any CPU.Build.0 = Release|Any CPU
	EndGlobalSection
	GlobalSection(SolutionProperties) = preSolution
		HideSolutionNode = FALSE
	EndGlobalSection
	GlobalSection(ExtensibilityGlobals) = postSolution
		SolutionGuid = {5AA70E8B-9F26-4980-9E2A-73B68B705F64}
	EndGlobalSection
EndGlobal
